
Microsoft Visual Studio Solution File, Format Version 12.00
Project("{FAE04EC0-301F-11D3-BF4B-00C04F79EFBC}") = "EasyUnban", "EasyUnban\EasyUnban.csproj", "{09251F1F-BD35-43B8-8D0A-9AC50F58B5E0}"
EndProject
Global
	GlobalSection(SolutionConfigurationPlatforms) = preSolution
		Debug|Any CPU = Debug|Any CPU
		Release|Any CPU = Release|Any CPU
	EndGlobalSection
	GlobalSection(ProjectConfigurationPlatforms) = postSolution
		{09251F1F-BD35-43B8-8D0A-9AC50F58B5E0}.Debug|Any CPU.ActiveCfg = Debug|Any CPU
		{09251F1F-BD35-43B8-8D0A-9AC50F58B5E0}.Debug|Any CPU.Build.0 = Debug|Any CPU
		{09251F1F-BD35-43B8-8D0A-9AC50F58B5E0}.Release|Any CPU.ActiveCfg = Release|Any CPU
		{09251F1F-BD35-43B8-8D0A-9AC50F58B5E0}.Release|Any CPU.Build.0 = Release|Any CPU
	EndGlobalSection
EndGlobal
